
Microsoft Visual Studio Solution File, Format Version 12.00
# Visual Studio 15
VisualStudioVersion = 15.0.28307.1684
MinimumVisualStudioVersion = 10.0.40219.1
Project("{8BC9CEB8-8B4A-11D0-8D11-00A0C91BC942}") = "Project2", "Project2\Project2.vcxproj", "{37E42B32-BFA5-4EE4-992A-E95FE8190A62}"
EndProject
Global
	GlobalSection(SolutionConfigurationPlatforms) = preSolution
		Debug|x64 = Debug|x64
		Debug|x86 = Debug|x86
		Release|x64 = Release|x64
		Release|x86 = Release|x86
	EndGlobalSection
	GlobalSection(ProjectConfigurationPlatforms) = postSolution
		{37E42B32-BFA5-4EE4-992A-E95FE8190A62}.Debug|x64.ActiveCfg = Debug|x64
		{37E42B32-BFA5-4EE4-992A-E95FE8190A62}.Debug|x64.Build.0 = Debug|x64
		{37E42B32-BFA5-4EE4-992A-E95FE8190A62}.Debug|x86.ActiveCfg = Debug|Win32
		{37E42B32-BFA5-4EE4-992A-E95FE8190A62}.Debug|x86.Build.0 = Debug|Win32
		{37E42B32-BFA5-4EE4-992A-E95FE8190A62}.Release|x64.ActiveCfg = Release|x64
		{37E42B32-BFA5-4EE4-992A-E95FE8190A62}.Release|x64.Build.0 = Release|x64
		{37E42B32-BFA5-4EE4-992A-E95FE8190A62}.Release|x86.ActiveCfg = Release|Win32
		{37E42B32-BFA5-4EE4-992A-E95FE8190A62}.Release|x86.Build.0 = Release|Win32
	EndGlobalSection
	GlobalSection(SolutionProperties) = preSolution
		HideSolutionNode = FALSE
	EndGlobalSection
	GlobalSection(ExtensibilityGlobals) = postSolution
		SolutionGuid = {E7925299-350E-4720-8D55-8474C7D790F9}
	EndGlobalSection
EndGlobal
